
Microsoft Visual Studio Solution File, Format Version 12.00
# Visual Studio Version 16
VisualStudioVersion = 16.0.29926.136
MinimumVisualStudioVersion = 10.0.40219.1
Project("{FAE04EC0-301F-11D3-BF4B-00C04F79EFBC}") = "Number1", "Number1\Number1.csproj", "{D4EE3D83-1674-43E1-A345-4F10AB3D3441}"
EndProject
Project("{FAE04EC0-301F-11D3-BF4B-00C04F79EFBC}") = "Temp", "Temp\Temp.csproj", "{49BB5EB8-E049-452B-A611-A66BCE37879F}"
EndProject
Project("{FAE04EC0-301F-11D3-BF4B-00C04F79EFBC}") = "Number2", "Number2\Number2.csproj", "{4DC983B3-DDF9-47CE-A98E-B1D9B3985826}"
EndProject
Project("{FAE04EC0-301F-11D3-BF4B-00C04F79EFBC}") = "Number3", "Number3\Number3.csproj", "{BCD77935-FD56-440A-AA62-642B0F7B5FD6}"
EndProject
Global
	GlobalSection(SolutionConfigurationPlatforms) = preSolution
		Debug|Any CPU = Debug|Any CPU
		Release|Any CPU = Release|Any CPU
	EndGlobalSection
	GlobalSection(ProjectConfigurationPlatforms) = postSolution
		{D4EE3D83-1674-43E1-A345-4F10AB3D3441}.Debug|Any CPU.ActiveCfg = Debug|Any CPU
		{D4EE3D83-1674-43E1-A345-4F10AB3D3441}.Debug|Any CPU.Build.0 = Debug|Any CPU
		{D4EE3D83-1674-43E1-A345-4F10AB3D3441}.Release|Any CPU.ActiveCfg = Release|Any CPU
		{D4EE3D83-1674-43E1-A345-4F10AB3D3441}.Release|Any CPU.Build.0 = Release|Any CPU
		{49BB5EB8-E049-452B-A611-A66BCE37879F}.Debug|Any CPU.ActiveCfg = Debug|Any CPU
		{49BB5EB8-E049-452B-A611-A66BCE37879F}.Debug|Any CPU.Build.0 = Debug|Any CPU
		{49BB5EB8-E049-452B-A611-A66BCE37879F}.Release|Any CPU.ActiveCfg = Release|Any CPU
		{49BB5EB8-E049-452B-A611-A66BCE37879F}.Release|Any CPU.Build.0 = Release|Any CPU
		{4DC983B3-DDF9-47CE-A98E-B1D9B3985826}.Debug|Any CPU.ActiveCfg = Debug|Any CPU
		{4DC983B3-DDF9-47CE-A98E-B1D9B3985826}.Debug|Any CPU.Build.0 = Debug|Any CPU
		{4DC983B3-DDF9-47CE-A98E-B1D9B3985826}.Release|Any CPU.ActiveCfg = Release|Any CPU
		{4DC983B3-DDF9-47CE-A98E-B1D9B3985826}.Release|Any CPU.Build.0 = Release|Any CPU
		{BCD77935-FD56-440A-AA62-642B0F7B5FD6}.Debug|Any CPU.ActiveCfg = Debug|Any CPU
		{BCD77935-FD56-440A-AA62-642B0F7B5FD6}.Debug|Any CPU.Build.0 = Debug|Any CPU
		{BCD77935-FD56-440A-AA62-642B0F7B5FD6}.Release|Any CPU.ActiveCfg = Release|Any CPU
		{BCD77935-FD56-440A-AA62-642B0F7B5FD6}.Release|Any CPU.Build.0 = Release|Any CPU
	EndGlobalSection
	GlobalSection(SolutionProperties) = preSolution
		HideSolutionNode = FALSE
	EndGlobalSection
	GlobalSection(ExtensibilityGlobals) = postSolution
		SolutionGuid = {36E69696-0B14-41E3-9116-1C9293D442AE}
	EndGlobalSection
EndGlobal
