
Microsoft Visual Studio Solution File, Format Version 12.00
# Visual Studio Version 16
VisualStudioVersion = 16.0.29926.136
MinimumVisualStudioVersion = 10.0.40219.1
Project("{FAE04EC0-301F-11D3-BF4B-00C04F79EFBC}") = "Temp", "Temp\Temp.csproj", "{7A2EF6B5-014F-4D43-B5B0-71330C323A6C}"
EndProject
Project("{FAE04EC0-301F-11D3-BF4B-00C04F79EFBC}") = "Temp2", "Temp2\Temp2.csproj", "{2C357A6C-C17E-48CB-89A5-A9E5CC19941E}"
EndProject
Project("{FAE04EC0-301F-11D3-BF4B-00C04F79EFBC}") = "Temp3", "Temp3\Temp3.csproj", "{40E527F3-0492-46C2-98C4-3996678AA555}"
EndProject
Project("{FAE04EC0-301F-11D3-BF4B-00C04F79EFBC}") = "Number1", "Number1\Number1.csproj", "{AE6A7230-42A2-4DCE-89B8-C4CAD9D589B4}"
EndProject
Project("{FAE04EC0-301F-11D3-BF4B-00C04F79EFBC}") = "Number2", "Number2\Number2.csproj", "{480695B4-A8BF-4EE0-BFE4-630B146B5D59}"
EndProject
Global
	GlobalSection(SolutionConfigurationPlatforms) = preSolution
		Debug|Any CPU = Debug|Any CPU
		Release|Any CPU = Release|Any CPU
	EndGlobalSection
	GlobalSection(ProjectConfigurationPlatforms) = postSolution
		{7A2EF6B5-014F-4D43-B5B0-71330C323A6C}.Debug|Any CPU.ActiveCfg = Debug|Any CPU
		{7A2EF6B5-014F-4D43-B5B0-71330C323A6C}.Debug|Any CPU.Build.0 = Debug|Any CPU
		{7A2EF6B5-014F-4D43-B5B0-71330C323A6C}.Release|Any CPU.ActiveCfg = Release|Any CPU
		{7A2EF6B5-014F-4D43-B5B0-71330C323A6C}.Release|Any CPU.Build.0 = Release|Any CPU
		{2C357A6C-C17E-48CB-89A5-A9E5CC19941E}.Debug|Any CPU.ActiveCfg = Debug|Any CPU
		{2C357A6C-C17E-48CB-89A5-A9E5CC19941E}.Debug|Any CPU.Build.0 = Debug|Any CPU
		{2C357A6C-C17E-48CB-89A5-A9E5CC19941E}.Release|Any CPU.ActiveCfg = Release|Any CPU
		{2C357A6C-C17E-48CB-89A5-A9E5CC19941E}.Release|Any CPU.Build.0 = Release|Any CPU
		{40E527F3-0492-46C2-98C4-3996678AA555}.Debug|Any CPU.ActiveCfg = Debug|Any CPU
		{40E527F3-0492-46C2-98C4-3996678AA555}.Debug|Any CPU.Build.0 = Debug|Any CPU
		{40E527F3-0492-46C2-98C4-3996678AA555}.Release|Any CPU.ActiveCfg = Release|Any CPU
		{40E527F3-0492-46C2-98C4-3996678AA555}.Release|Any CPU.Build.0 = Release|Any CPU
		{AE6A7230-42A2-4DCE-89B8-C4CAD9D589B4}.Debug|Any CPU.ActiveCfg = Debug|Any CPU
		{AE6A7230-42A2-4DCE-89B8-C4CAD9D589B4}.Debug|Any CPU.Build.0 = Debug|Any CPU
		{AE6A7230-42A2-4DCE-89B8-C4CAD9D589B4}.Release|Any CPU.ActiveCfg = Release|Any CPU
		{AE6A7230-42A2-4DCE-89B8-C4CAD9D589B4}.Release|Any CPU.Build.0 = Release|Any CPU
		{480695B4-A8BF-4EE0-BFE4-630B146B5D59}.Debug|Any CPU.ActiveCfg = Debug|Any CPU
		{480695B4-A8BF-4EE0-BFE4-630B146B5D59}.Debug|Any CPU.Build.0 = Debug|Any CPU
		{480695B4-A8BF-4EE0-BFE4-630B146B5D59}.Release|Any CPU.ActiveCfg = Release|Any CPU
		{480695B4-A8BF-4EE0-BFE4-630B146B5D59}.Release|Any CPU.Build.0 = Release|Any CPU
	EndGlobalSection
	GlobalSection(SolutionProperties) = preSolution
		HideSolutionNode = FALSE
	EndGlobalSection
	GlobalSection(ExtensibilityGlobals) = postSolution
		SolutionGuid = {D4B3C922-7345-40D5-8562-A2704217B17D}
	EndGlobalSection
EndGlobal
