
Microsoft Visual Studio Solution File, Format Version 12.00
# Visual Studio Version 16
VisualStudioVersion = 16.0.29926.136
MinimumVisualStudioVersion = 10.0.40219.1
Project("{FAE04EC0-301F-11D3-BF4B-00C04F79EFBC}") = "Temp", "Temp\Temp.csproj", "{719BCB45-C42B-4C78-8A7A-D3D3B1A33FEB}"
EndProject
Project("{FAE04EC0-301F-11D3-BF4B-00C04F79EFBC}") = "Temp2", "Temp2\Temp2.csproj", "{B01EA153-9F07-4E79-AB9D-E58E8C7DF988}"
EndProject
Project("{FAE04EC0-301F-11D3-BF4B-00C04F79EFBC}") = "Number1", "Number1\Number1.csproj", "{8121CDC2-BA23-44C3-A4D4-435ECE88DBB7}"
EndProject
Project("{FAE04EC0-301F-11D3-BF4B-00C04F79EFBC}") = "Number2", "Number2\Number2.csproj", "{29000CA9-065B-47FC-84BD-45822BE73F94}"
EndProject
Project("{FAE04EC0-301F-11D3-BF4B-00C04F79EFBC}") = "Number3", "Number3\Number3.csproj", "{3B419DDC-BBDD-4D85-B1E2-7A0EB63DC66F}"
EndProject
Global
	GlobalSection(SolutionConfigurationPlatforms) = preSolution
		Debug|Any CPU = Debug|Any CPU
		Release|Any CPU = Release|Any CPU
	EndGlobalSection
	GlobalSection(ProjectConfigurationPlatforms) = postSolution
		{719BCB45-C42B-4C78-8A7A-D3D3B1A33FEB}.Debug|Any CPU.ActiveCfg = Debug|Any CPU
		{719BCB45-C42B-4C78-8A7A-D3D3B1A33FEB}.Debug|Any CPU.Build.0 = Debug|Any CPU
		{719BCB45-C42B-4C78-8A7A-D3D3B1A33FEB}.Release|Any CPU.ActiveCfg = Release|Any CPU
		{719BCB45-C42B-4C78-8A7A-D3D3B1A33FEB}.Release|Any CPU.Build.0 = Release|Any CPU
		{B01EA153-9F07-4E79-AB9D-E58E8C7DF988}.Debug|Any CPU.ActiveCfg = Debug|Any CPU
		{B01EA153-9F07-4E79-AB9D-E58E8C7DF988}.Debug|Any CPU.Build.0 = Debug|Any CPU
		{B01EA153-9F07-4E79-AB9D-E58E8C7DF988}.Release|Any CPU.ActiveCfg = Release|Any CPU
		{B01EA153-9F07-4E79-AB9D-E58E8C7DF988}.Release|Any CPU.Build.0 = Release|Any CPU
		{8121CDC2-BA23-44C3-A4D4-435ECE88DBB7}.Debug|Any CPU.ActiveCfg = Debug|Any CPU
		{8121CDC2-BA23-44C3-A4D4-435ECE88DBB7}.Debug|Any CPU.Build.0 = Debug|Any CPU
		{8121CDC2-BA23-44C3-A4D4-435ECE88DBB7}.Release|Any CPU.ActiveCfg = Release|Any CPU
		{8121CDC2-BA23-44C3-A4D4-435ECE88DBB7}.Release|Any CPU.Build.0 = Release|Any CPU
		{29000CA9-065B-47FC-84BD-45822BE73F94}.Debug|Any CPU.ActiveCfg = Debug|Any CPU
		{29000CA9-065B-47FC-84BD-45822BE73F94}.Debug|Any CPU.Build.0 = Debug|Any CPU
		{29000CA9-065B-47FC-84BD-45822BE73F94}.Release|Any CPU.ActiveCfg = Release|Any CPU
		{29000CA9-065B-47FC-84BD-45822BE73F94}.Release|Any CPU.Build.0 = Release|Any CPU
		{3B419DDC-BBDD-4D85-B1E2-7A0EB63DC66F}.Debug|Any CPU.ActiveCfg = Debug|Any CPU
		{3B419DDC-BBDD-4D85-B1E2-7A0EB63DC66F}.Debug|Any CPU.Build.0 = Debug|Any CPU
		{3B419DDC-BBDD-4D85-B1E2-7A0EB63DC66F}.Release|Any CPU.ActiveCfg = Release|Any CPU
		{3B419DDC-BBDD-4D85-B1E2-7A0EB63DC66F}.Release|Any CPU.Build.0 = Release|Any CPU
	EndGlobalSection
	GlobalSection(SolutionProperties) = preSolution
		HideSolutionNode = FALSE
	EndGlobalSection
	GlobalSection(ExtensibilityGlobals) = postSolution
		SolutionGuid = {EE67EEF4-CD9D-4209-9E7F-C2A2F7912FA4}
	EndGlobalSection
EndGlobal
